// !$*UTF8*$!
{
	archiveVersion = 1;
	classes = {
	};
	objectVersion = 50;
	objects = {

/* Begin PBXBuildFile section */
		D98CACBF28B1A7D500F565BB /* AppDelegate.swift in Sources */ = {isa = PBXBuildFile; fileRef = D98CACBE28B1A7D500F565BB /* AppDelegate.swift */; };
		D98CACC128B1A7D500F565BB /* SceneDelegate.swift in Sources */ = {isa = PBXBuildFile; fileRef = D98CACC028B1A7D500F565BB /* SceneDelegate.swift */; };
		D98CACC328B1A7D500F565BB /* ViewController.swift in Sources */ = {isa = PBXBuildFile; fileRef = D98CACC228B1A7D500F565BB /* ViewController.swift */; };
		D98CACC628B1A7D500F565BB /* Main.storyboard in Resources */ = {isa = PBXBuildFile; fileRef = D98CACC428B1A7D500F565BB /* Main.storyboard */; };
		D98CACC828B1A7D600F565BB /* Assets.xcassets in Resources */ = {isa = PBXBuildFile; fileRef = D98CACC728B1A7D600F565BB /* Assets.xcassets */; };
		D98CACCB28B1A7D600F565BB /* LaunchScreen.storyboard in Resources */ = {isa = PBXBuildFile; fileRef = D98CACC928B1A7D600F565BB /* LaunchScreen.storyboard */; };
/* End PBXBuildFile section */

/* Begin PBXFileReference section */
		D98CACBB28B1A7D500F565BB /* Project4_creeat a browser.app */ = {isa = PBXFileReference; explicitFileType = wrapper.application; includeInIndex = 0; path = "Project4_creeat a browser.app"; sourceTree = BUILT_PRODUCTS_DIR; };
		D98CACBE28B1A7D500F565BB /* AppDelegate.swift */ = {isa = PBXFileReference; lastKnownFileType = sourcecode.swift; path = AppDelegate.swift; sourceTree = "<group>"; };
		D98CACC028B1A7D500F565BB /* SceneDelegate.swift */ = {isa = PBXFileReference; lastKnownFileType = sourcecode.swift; path = SceneDelegate.swift; sourceTree = "<group>"; };
		D98CACC228B1A7D500F565BB /* ViewController.swift */ = {isa = PBXFileReference; lastKnownFileType = sourcecode.swift; path = ViewController.swift; sourceTree = "<group>"; };
		D98CACC528B1A7D500F565BB /* Base */ = {isa = PBXFileReference; lastKnownFileType = file.storyboard; name = Base; path = Base.lproj/Main.storyboard; sourceTree = "<group>"; };
		D98CACC728B1A7D600F565BB /* Assets.xcassets */ = {isa = PBXFileReference; lastKnownFileType = folder.assetcatalog; path = Assets.xcassets; sourceTree = "<group>"; };
		D98CACCA28B1A7D600F565BB /* Base */ = {isa = PBXFileReference; lastKnownFileType = file.storyboard; name = Base; path = Base.lproj/LaunchScreen.storyboard; sourceTree = "<group>"; };
		D98CACCC28B1A7D600F565BB /* Info.plist */ = {isa = PBXFileReference; lastKnownFileType = text.plist.xml; path = Info.plist; sourceTree = "<group>"; };
/* End PBXFileReference section */

/* Begin PBXFrameworksBuildPhase section */
		D98CACB828B1A7D500F565BB /* Frameworks */ = {
			isa = PBXFrameworksBuildPhase;
			buildActionMask = 2147483647;
			files = (
			);
			runOnlyForDeploymentPostprocessing = 0;
		};
/* End PBXFrameworksBuildPhase section */

/* Begin PBXGroup section */
		D98CACB228B1A7D500F565BB = {
			isa = PBXGroup;
			children = (
				D98CACBD28B1A7D500F565BB /* Project4_creeat a browser */,
				D98CACBC28B1A7D500F565BB /* Products */,
			);
			sourceTree = "<group>";
		};
		D98CACBC28B1A7D500F565BB /* Products */ = {
			isa = PBXGroup;
			children = (
				D98CACBB28B1A7D500F565BB /* Project4_creeat a browser.app */,
			);
			name = Products;
			sourceTree = "<group>";
		};
		D98CACBD28B1A7D500F565BB /* Project4_creeat a browser */ = {
			isa = PBXGroup;
			children = (
				D98CACBE28B1A7D500F565BB /* AppDelegate.swift */,
				D98CACC028B1A7D500F565BB /* SceneDelegate.swift */,
				D98CACC228B1A7D500F565BB /* ViewController.swift */,
				D98CACC428B1A7D500F565BB /* Main.storyboard */,
				D98CACC728B1A7D600F565BB /* Assets.xcassets */,
				D98CACC928B1A7D600F565BB /* LaunchScreen.storyboard */,
				D98CACCC28B1A7D600F565BB /* Info.plist */,
			);
			path = "Project4_creeat a browser";
			sourceTree = "<group>";
		};
/* End PBXGroup section */

/* Begin PBXNativeTarget section */
		D98CACBA28B1A7D500F565BB /* Project4_creeat a browser */ = {
			isa = PBXNativeTarget;
			buildConfigurationList = D98CACCF28B1A7D600F565BB /* Build configuration list for PBXNativeTarget "Project4_creeat a browser" */;
			buildPhases = (
				D98CACB728B1A7D500F565BB /* Sources */,
				D98CACB828B1A7D500F565BB /* Frameworks */,
				D98CACB928B1A7D500F565BB /* Resources */,
			);
			buildRules = (
			);
			dependencies = (
			);
			name = "Project4_creeat a browser";
			productName = "Project4_creeat a browser";
			productReference = D98CACBB28B1A7D500F565BB /* Project4_creeat a browser.app */;
			productType = "com.apple.product-type.application";
		};
/* End PBXNativeTarget section */

/* Begin PBXProject section */
		D98CACB328B1A7D500F565BB /* Project object */ = {
			isa = PBXProject;
			attributes = {
				LastSwiftUpdateCheck = 1250;
				LastUpgradeCheck = 1250;
				TargetAttributes = {
					D98CACBA28B1A7D500F565BB = {
						CreatedOnToolsVersion = 12.5.1;
					};
				};
			};
			buildConfigurationList = D98CACB628B1A7D500F565BB /* Build configuration list for PBXProject "Project4_creeat a browser" */;
			compatibilityVersion = "Xcode 9.3";
			developmentRegion = en;
			hasScannedForEncodings = 0;
			knownRegions = (
				en,
				Base,
			);
			mainGroup = D98CACB228B1A7D500F565BB;
			productRefGroup = D98CACBC28B1A7D500F565BB /* Products */;
			projectDirPath = "";
			projectRoot = "";
			targets = (
				D98CACBA28B1A7D500F565BB /* Project4_creeat a browser */,
			);
		};
/* End PBXProject section */

/* Begin PBXResourcesBuildPhase section */
		D98CACB928B1A7D500F565BB /* Resources */ = {
			isa = PBXResourcesBuildPhase;
			buildActionMask = 2147483647;
			files = (
				D98CACCB28B1A7D600F565BB /* LaunchScreen.storyboard in Resources */,
				D98CACC828B1A7D600F565BB /* Assets.xcassets in Resources */,
				D98CACC628B1A7D500F565BB /* Main.storyboard in Resources */,
			);
			runOnlyForDeploymentPostprocessing = 0;
		};
/* End PBXResourcesBuildPhase section */

/* Begin PBXSourcesBuildPhase section */
		D98CACB728B1A7D500F565BB /* Sources */ = {
			isa = PBXSourcesBuildPhase;
			buildActionMask = 2147483647;
			files = (
				D98CACC328B1A7D500F565BB /* ViewController.swift in Sources */,
				D98CACBF28B1A7D500F565BB /* AppDelegate.swift in Sources */,
				D98CACC128B1A7D500F565BB /* SceneDelegate.swift in Sources */,
			);
			runOnlyForDeploymentPostprocessing = 0;
		};
/* End PBXSourcesBuildPhase section */

/* Begin PBXVariantGroup section */
		D98CACC428B1A7D500F565BB /* Main.storyboard */ = {
			isa = PBXVariantGroup;
			children = (
				D98CACC528B1A7D500F565BB /* Base */,
			);
			name = Main.storyboard;
			sourceTree = "<group>";
		};
		D98CACC928B1A7D600F565BB /* LaunchScreen.storyboard */ = {
			isa = PBXVariantGroup;
			children = (
				D98CACCA28B1A7D600F565BB /* Base */,
			);
			name = LaunchScreen.storyboard;
			sourceTree = "<group>";
		};
/* End PBXVariantGroup section */

/* Begin XCBuildConfiguration section */
		D98CACCD28B1A7D600F565BB /* Debug */ = {
			isa = XCBuildConfiguration;
			buildSettings = {
				ALWAYS_SEARCH_USER_PATHS = NO;
				CLANG_ANALYZER_NONNULL = YES;
				CLANG_ANALYZER_NUMBER_OBJECT_CONVERSION = YES_AGGRESSIVE;
				CLANG_CXX_LANGUAGE_STANDARD = "gnu++14";
				CLANG_CXX_LIBRARY = "libc++";
				CLANG_ENABLE_MODULES = YES;
				CLANG_ENABLE_OBJC_ARC = YES;
				CLANG_ENABLE_OBJC_WEAK = YES;
				CLANG_WARN_BLOCK_CAPTURE_AUTORELEASING = YES;
				CLANG_WARN_BOOL_CONVERSION = YES;
				CLANG_WARN_COMMA = YES;
				CLANG_WARN_CONSTANT_CONVERSION = YES;
				CLANG_WARN_DEPRECATED_OBJC_IMPLEMENTATIONS = YES;
				CLANG_WARN_DIRECT_OBJC_ISA_USAGE = YES_ERROR;
				CLANG_WARN_DOCUMENTATION_COMMENTS = YES;
				CLANG_WARN_EMPTY_BODY = YES;
				CLANG_WARN_ENUM_CONVERSION = YES;
				CLANG_WARN_INFINITE_RECURSION = YES;
				CLANG_WARN_INT_CONVERSION = YES;
				CLANG_WARN_NON_LITERAL_NULL_CONVERSION = YES;
				CLANG_WARN_OBJC_IMPLICIT_RETAIN_SELF = YES;
				CLANG_WARN_OBJC_LITERAL_CONVERSION = YES;
				CLANG_WARN_OBJC_ROOT_CLASS = YES_ERROR;
				CLANG_WARN_QUOTED_INCLUDE_IN_FRAMEWORK_HEADER = YES;
				CLANG_WARN_RANGE_LOOP_ANALYSIS = YES;
				CLANG_WARN_STRICT_PROTOTYPES = YES;
				CLANG_WARN_SUSPICIOUS_MOVE = YES;
				CLANG_WARN_UNGUARDED_AVAILABILITY = YES_AGGRESSIVE;
				CLANG_WARN_UNREACHABLE_CODE = YES;
				CLANG_WARN__DUPLICATE_METHOD_MATCH = YES;
				COPY_PHASE_STRIP = NO;
				DEBUG_INFORMATION_FORMAT = dwarf;
				ENABLE_STRICT_OBJC_MSGSEND = YES;
				ENABLE_TESTABILITY = YES;
				GCC_C_LANGUAGE_STANDARD = gnu11;
				GCC_DYNAMIC_NO_PIC = NO;
				GCC_NO_COMMON_BLOCKS = YES;
				GCC_OPTIMIZATION_LEVEL = 0;
				GCC_PREPROCESSOR_DEFINITIONS = (
					"DEBUG=1",
					"$(inherited)",
				);
				GCC_WARN_64_TO_32_BIT_CONVERSION = YES;
				GCC_WARN_ABOUT_RETURN_TYPE = YES_ERROR;
				GCC_WARN_UNDECLARED_SELECTOR = YES;
				GCC_WARN_UNINITIALIZED_AUTOS = YES_AGGRESSIVE;
				GCC_WARN_UNUSED_FUNCTION = YES;
				GCC_WARN_UNUSED_VARIABLE = YES;
				IPHONEOS_DEPLOYMENT_TARGET = 14.5;
				MTL_ENABLE_DEBUG_INFO = INCLUDE_SOURCE;
				MTL_FAST_MATH = YES;
				ONLY_ACTIVE_ARCH = YES;
				SDKROOT = iphoneos;
				SWIFT_ACTIVE_COMPILATION_CONDITIONS = DEBUG;
				SWIFT_OPTIMIZATION_LEVEL = "-Onone";
			};
			name = Debug;
		};
		D98CACCE28B1A7D600F565BB /* Release */ = {
			isa = XCBuildConfiguration;
			buildSettings = {
				ALWAYS_SEARCH_USER_PATHS = NO;
				CLANG_ANALYZER_NONNULL = YES;
				CLANG_ANALYZER_NUMBER_OBJECT_CONVERSION = YES_AGGRESSIVE;
				CLANG_CXX_LANGUAGE_STANDARD = "gnu++14";
				CLANG_CXX_LIBRARY = "libc++";
				CLANG_ENABLE_MODULES = YES;
				CLANG_ENABLE_OBJC_ARC = YES;
				CLANG_ENABLE_OBJC_WEAK = YES;
				CLANG_WARN_BLOCK_CAPTURE_AUTORELEASING = YES;
				CLANG_WARN_BOOL_CONVERSION = YES;
				CLANG_WARN_COMMA = YES;
				CLANG_WARN_CONSTANT_CONVERSION = YES;
				CLANG_WARN_DEPRECATED_OBJC_IMPLEMENTATIONS = YES;
				CLANG_WARN_DIRECT_OBJC_ISA_USAGE = YES_ERROR;
				CLANG_WARN_DOCUMENTATION_COMMENTS = YES;
				CLANG_WARN_EMPTY_BODY = YES;
				CLANG_WARN_ENUM_CONVERSION = YES;
				CLANG_WARN_INFINITE_RECURSION = YES;
				CLANG_WARN_INT_CONVERSION = YES;
				CLANG_WARN_NON_LITERAL_NULL_CONVERSION = YES;
				CLANG_WARN_OBJC_IMPLICIT_RETAIN_SELF = YES;
				CLANG_WARN_OBJC_LITERAL_CONVERSION = YES;
				CLANG_WARN_OBJC_ROOT_CLASS = YES_ERROR;
				CLANG_WARN_QUOTED_INCLUDE_IN_FRAMEWORK_HEADER = YES;
				CLANG_WARN_RANGE_LOOP_ANALYSIS = YES;
				CLANG_WARN_STRICT_PROTOTYPES = YES;
				CLANG_WARN_SUSPICIOUS_MOVE = YES;
				CLANG_WARN_UNGUARDED_AVAILABILITY = YES_AGGRESSIVE;
				CLANG_WARN_UNREACHABLE_CODE = YES;
				CLANG_WARN__DUPLICATE_METHOD_MATCH = YES;
				COPY_PHASE_STRIP = NO;
				DEBUG_INFORMATION_FORMAT = "dwarf-with-dsym";
				ENABLE_NS_ASSERTIONS = NO;
				ENABLE_STRICT_OBJC_MSGSEND = YES;
				GCC_C_LANGUAGE_STANDARD = gnu11;
				GCC_NO_COMMON_BLOCKS = YES;
				GCC_WARN_64_TO_32_BIT_CONVERSION = YES;
				GCC_WARN_ABOUT_RETURN_TYPE = YES_ERROR;
				GCC_WARN_UNDECLARED_SELECTOR = YES;
				GCC_WARN_UNINITIALIZED_AUTOS = YES_AGGRESSIVE;
				GCC_WARN_UNUSED_FUNCTION = YES;
				GCC_WARN_UNUSED_VARIABLE = YES;
				IPHONEOS_DEPLOYMENT_TARGET = 14.5;
				MTL_ENABLE_DEBUG_INFO = NO;
				MTL_FAST_MATH = YES;
				SDKROOT = iphoneos;
				SWIFT_COMPILATION_MODE = wholemodule;
				SWIFT_OPTIMIZATION_LEVEL = "-O";
				VALIDATE_PRODUCT = YES;
			};
			name = Release;
		};
		D98CACD028B1A7D600F565BB /* Debug */ = {
			isa = XCBuildConfiguration;
			buildSettings = {
				ASSETCATALOG_COMPILER_APPICON_NAME = AppIcon;
				ASSETCATALOG_COMPILER_GLOBAL_ACCENT_COLOR_NAME = AccentColor;
				CODE_SIGN_STYLE = Automatic;
				DEVELOPMENT_TEAM = DT255HFVSG;
				INFOPLIST_FILE = "Project4_creeat a browser/Info.plist";
				LD_RUNPATH_SEARCH_PATHS = (
					"$(inherited)",
					"@executable_path/Frameworks",
				);
				PRODUCT_BUNDLE_IDENTIFIER = "com.mohamed.Project4-creeat-a-browser";
				PRODUCT_NAME = "$(TARGET_NAME)";
				SWIFT_VERSION = 5.0;
				TARGETED_DEVICE_FAMILY = "1,2";
			};
			name = Debug;
		};
		D98CACD128B1A7D600F565BB /* Release */ = {
			isa = XCBuildConfiguration;
			buildSettings = {
				ASSETCATALOG_COMPILER_APPICON_NAME = AppIcon;
				ASSETCATALOG_COMPILER_GLOBAL_ACCENT_COLOR_NAME = AccentColor;
				CODE_SIGN_STYLE = Automatic;
				DEVELOPMENT_TEAM = DT255HFVSG;
				INFOPLIST_FILE = "Project4_creeat a browser/Info.plist";
				LD_RUNPATH_SEARCH_PATHS = (
					"$(inherited)",
					"@executable_path/Frameworks",
				);
				PRODUCT_BUNDLE_IDENTIFIER = "com.mohamed.Project4-creeat-a-browser";
				PRODUCT_NAME = "$(TARGET_NAME)";
				SWIFT_VERSION = 5.0;
				TARGETED_DEVICE_FAMILY = "1,2";
			};
			name = Release;
		};
/* End XCBuildConfiguration section */

/* Begin XCConfigurationList section */
		D98CACB628B1A7D500F565BB /* Build configuration list for PBXProject "Project4_creeat a browser" */ = {
			isa = XCConfigurationList;
			buildConfigurations = (
				D98CACCD28B1A7D600F565BB /* Debug */,
				D98CACCE28B1A7D600F565BB /* Release */,
			);
			defaultConfigurationIsVisible = 0;
			defaultConfigurationName = Release;
		};
		D98CACCF28B1A7D600F565BB /* Build configuration list for PBXNativeTarget "Project4_creeat a browser" */ = {
			isa = XCConfigurationList;
			buildConfigurations = (
				D98CACD028B1A7D600F565BB /* Debug */,
				D98CACD128B1A7D600F565BB /* Release */,
			);
			defaultConfigurationIsVisible = 0;
			defaultConfigurationName = Release;
		};
/* End XCConfigurationList section */
	};
	rootObject = D98CACB328B1A7D500F565BB /* Project object */;
}
