// !$*UTF8*$!
{
	archiveVersion = 1;
	classes = {
	};
	objectVersion = 50;
	objects = {

/* Begin PBXBuildFile section */
		D937706D28C2D68F00AB0AAA /* AppDelegate.swift in Sources */ = {isa = PBXBuildFile; fileRef = D937706C28C2D68F00AB0AAA /* AppDelegate.swift */; };
		D937706F28C2D68F00AB0AAA /* SceneDelegate.swift in Sources */ = {isa = PBXBuildFile; fileRef = D937706E28C2D68F00AB0AAA /* SceneDelegate.swift */; };
		D937707128C2D68F00AB0AAA /* ViewController.swift in Sources */ = {isa = PBXBuildFile; fileRef = D937707028C2D68F00AB0AAA /* ViewController.swift */; };
		D937707428C2D68F00AB0AAA /* Main.storyboard in Resources */ = {isa = PBXBuildFile; fileRef = D937707228C2D68F00AB0AAA /* Main.storyboard */; };
		D937707628C2D69000AB0AAA /* Assets.xcassets in Resources */ = {isa = PBXBuildFile; fileRef = D937707528C2D69000AB0AAA /* Assets.xcassets */; };
		D937707928C2D69000AB0AAA /* LaunchScreen.storyboard in Resources */ = {isa = PBXBuildFile; fileRef = D937707728C2D69000AB0AAA /* LaunchScreen.storyboard */; };
		D937708328C2DE7600AB0AAA /* Petition.swift in Sources */ = {isa = PBXBuildFile; fileRef = D937708228C2DE7600AB0AAA /* Petition.swift */; };
		D937708528C2DEC500AB0AAA /* Petitions.swift in Sources */ = {isa = PBXBuildFile; fileRef = D937708428C2DEC500AB0AAA /* Petitions.swift */; };
		D937708728C2E4E200AB0AAA /* DetailsViewController.swift in Sources */ = {isa = PBXBuildFile; fileRef = D937708628C2E4E200AB0AAA /* DetailsViewController.swift */; };
/* End PBXBuildFile section */

/* Begin PBXFileReference section */
		D937706928C2D68F00AB0AAA /* Project7_Whitehouse Petitions.app */ = {isa = PBXFileReference; explicitFileType = wrapper.application; includeInIndex = 0; path = "Project7_Whitehouse Petitions.app"; sourceTree = BUILT_PRODUCTS_DIR; };
		D937706C28C2D68F00AB0AAA /* AppDelegate.swift */ = {isa = PBXFileReference; lastKnownFileType = sourcecode.swift; path = AppDelegate.swift; sourceTree = "<group>"; };
		D937706E28C2D68F00AB0AAA /* SceneDelegate.swift */ = {isa = PBXFileReference; lastKnownFileType = sourcecode.swift; path = SceneDelegate.swift; sourceTree = "<group>"; };
		D937707028C2D68F00AB0AAA /* ViewController.swift */ = {isa = PBXFileReference; lastKnownFileType = sourcecode.swift; path = ViewController.swift; sourceTree = "<group>"; };
		D937707328C2D68F00AB0AAA /* Base */ = {isa = PBXFileReference; lastKnownFileType = file.storyboard; name = Base; path = Base.lproj/Main.storyboard; sourceTree = "<group>"; };
		D937707528C2D69000AB0AAA /* Assets.xcassets */ = {isa = PBXFileReference; lastKnownFileType = folder.assetcatalog; path = Assets.xcassets; sourceTree = "<group>"; };
		D937707828C2D69000AB0AAA /* Base */ = {isa = PBXFileReference; lastKnownFileType = file.storyboard; name = Base; path = Base.lproj/LaunchScreen.storyboard; sourceTree = "<group>"; };
		D937707A28C2D69000AB0AAA /* Info.plist */ = {isa = PBXFileReference; lastKnownFileType = text.plist.xml; path = Info.plist; sourceTree = "<group>"; };
		D937708228C2DE7600AB0AAA /* Petition.swift */ = {isa = PBXFileReference; lastKnownFileType = sourcecode.swift; path = Petition.swift; sourceTree = "<group>"; };
		D937708428C2DEC500AB0AAA /* Petitions.swift */ = {isa = PBXFileReference; lastKnownFileType = sourcecode.swift; path = Petitions.swift; sourceTree = "<group>"; };
		D937708628C2E4E200AB0AAA /* DetailsViewController.swift */ = {isa = PBXFileReference; lastKnownFileType = sourcecode.swift; path = DetailsViewController.swift; sourceTree = "<group>"; };
/* End PBXFileReference section */

/* Begin PBXFrameworksBuildPhase section */
		D937706628C2D68F00AB0AAA /* Frameworks */ = {
			isa = PBXFrameworksBuildPhase;
			buildActionMask = 2147483647;
			files = (
			);
			runOnlyForDeploymentPostprocessing = 0;
		};
/* End PBXFrameworksBuildPhase section */

/* Begin PBXGroup section */
		D937706028C2D68F00AB0AAA = {
			isa = PBXGroup;
			children = (
				D937706B28C2D68F00AB0AAA /* Project7_Whitehouse Petitions */,
				D937706A28C2D68F00AB0AAA /* Products */,
			);
			sourceTree = "<group>";
		};
		D937706A28C2D68F00AB0AAA /* Products */ = {
			isa = PBXGroup;
			children = (
				D937706928C2D68F00AB0AAA /* Project7_Whitehouse Petitions.app */,
			);
			name = Products;
			sourceTree = "<group>";
		};
		D937706B28C2D68F00AB0AAA /* Project7_Whitehouse Petitions */ = {
			isa = PBXGroup;
			children = (
				D937706C28C2D68F00AB0AAA /* AppDelegate.swift */,
				D937706E28C2D68F00AB0AAA /* SceneDelegate.swift */,
				D937707028C2D68F00AB0AAA /* ViewController.swift */,
				D937708628C2E4E200AB0AAA /* DetailsViewController.swift */,
				D937708228C2DE7600AB0AAA /* Petition.swift */,
				D937708428C2DEC500AB0AAA /* Petitions.swift */,
				D937707228C2D68F00AB0AAA /* Main.storyboard */,
				D937707528C2D69000AB0AAA /* Assets.xcassets */,
				D937707728C2D69000AB0AAA /* LaunchScreen.storyboard */,
				D937707A28C2D69000AB0AAA /* Info.plist */,
			);
			path = "Project7_Whitehouse Petitions";
			sourceTree = "<group>";
		};
/* End PBXGroup section */

/* Begin PBXNativeTarget section */
		D937706828C2D68F00AB0AAA /* Project7_Whitehouse Petitions */ = {
			isa = PBXNativeTarget;
			buildConfigurationList = D937707D28C2D69000AB0AAA /* Build configuration list for PBXNativeTarget "Project7_Whitehouse Petitions" */;
			buildPhases = (
				D937706528C2D68F00AB0AAA /* Sources */,
				D937706628C2D68F00AB0AAA /* Frameworks */,
				D937706728C2D68F00AB0AAA /* Resources */,
			);
			buildRules = (
			);
			dependencies = (
			);
			name = "Project7_Whitehouse Petitions";
			productName = "Project7_Whitehouse Petitions";
			productReference = D937706928C2D68F00AB0AAA /* Project7_Whitehouse Petitions.app */;
			productType = "com.apple.product-type.application";
		};
/* End PBXNativeTarget section */

/* Begin PBXProject section */
		D937706128C2D68F00AB0AAA /* Project object */ = {
			isa = PBXProject;
			attributes = {
				LastSwiftUpdateCheck = 1250;
				LastUpgradeCheck = 1250;
				TargetAttributes = {
					D937706828C2D68F00AB0AAA = {
						CreatedOnToolsVersion = 12.5.1;
					};
				};
			};
			buildConfigurationList = D937706428C2D68F00AB0AAA /* Build configuration list for PBXProject "Project7_Whitehouse Petitions" */;
			compatibilityVersion = "Xcode 9.3";
			developmentRegion = en;
			hasScannedForEncodings = 0;
			knownRegions = (
				en,
				Base,
			);
			mainGroup = D937706028C2D68F00AB0AAA;
			productRefGroup = D937706A28C2D68F00AB0AAA /* Products */;
			projectDirPath = "";
			projectRoot = "";
			targets = (
				D937706828C2D68F00AB0AAA /* Project7_Whitehouse Petitions */,
			);
		};
/* End PBXProject section */

/* Begin PBXResourcesBuildPhase section */
		D937706728C2D68F00AB0AAA /* Resources */ = {
			isa = PBXResourcesBuildPhase;
			buildActionMask = 2147483647;
			files = (
				D937707928C2D69000AB0AAA /* LaunchScreen.storyboard in Resources */,
				D937707628C2D69000AB0AAA /* Assets.xcassets in Resources */,
				D937707428C2D68F00AB0AAA /* Main.storyboard in Resources */,
			);
			runOnlyForDeploymentPostprocessing = 0;
		};
/* End PBXResourcesBuildPhase section */

/* Begin PBXSourcesBuildPhase section */
		D937706528C2D68F00AB0AAA /* Sources */ = {
			isa = PBXSourcesBuildPhase;
			buildActionMask = 2147483647;
			files = (
				D937707128C2D68F00AB0AAA /* ViewController.swift in Sources */,
				D937708328C2DE7600AB0AAA /* Petition.swift in Sources */,
				D937706D28C2D68F00AB0AAA /* AppDelegate.swift in Sources */,
				D937706F28C2D68F00AB0AAA /* SceneDelegate.swift in Sources */,
				D937708528C2DEC500AB0AAA /* Petitions.swift in Sources */,
				D937708728C2E4E200AB0AAA /* DetailsViewController.swift in Sources */,
			);
			runOnlyForDeploymentPostprocessing = 0;
		};
/* End PBXSourcesBuildPhase section */

/* Begin PBXVariantGroup section */
		D937707228C2D68F00AB0AAA /* Main.storyboard */ = {
			isa = PBXVariantGroup;
			children = (
				D937707328C2D68F00AB0AAA /* Base */,
			);
			name = Main.storyboard;
			sourceTree = "<group>";
		};
		D937707728C2D69000AB0AAA /* LaunchScreen.storyboard */ = {
			isa = PBXVariantGroup;
			children = (
				D937707828C2D69000AB0AAA /* Base */,
			);
			name = LaunchScreen.storyboard;
			sourceTree = "<group>";
		};
/* End PBXVariantGroup section */

/* Begin XCBuildConfiguration section */
		D937707B28C2D69000AB0AAA /* Debug */ = {
			isa = XCBuildConfiguration;
			buildSettings = {
				ALWAYS_SEARCH_USER_PATHS = NO;
				CLANG_ANALYZER_NONNULL = YES;
				CLANG_ANALYZER_NUMBER_OBJECT_CONVERSION = YES_AGGRESSIVE;
				CLANG_CXX_LANGUAGE_STANDARD = "gnu++14";
				CLANG_CXX_LIBRARY = "libc++";
				CLANG_ENABLE_MODULES = YES;
				CLANG_ENABLE_OBJC_ARC = YES;
				CLANG_ENABLE_OBJC_WEAK = YES;
				CLANG_WARN_BLOCK_CAPTURE_AUTORELEASING = YES;
				CLANG_WARN_BOOL_CONVERSION = YES;
				CLANG_WARN_COMMA = YES;
				CLANG_WARN_CONSTANT_CONVERSION = YES;
				CLANG_WARN_DEPRECATED_OBJC_IMPLEMENTATIONS = YES;
				CLANG_WARN_DIRECT_OBJC_ISA_USAGE = YES_ERROR;
				CLANG_WARN_DOCUMENTATION_COMMENTS = YES;
				CLANG_WARN_EMPTY_BODY = YES;
				CLANG_WARN_ENUM_CONVERSION = YES;
				CLANG_WARN_INFINITE_RECURSION = YES;
				CLANG_WARN_INT_CONVERSION = YES;
				CLANG_WARN_NON_LITERAL_NULL_CONVERSION = YES;
				CLANG_WARN_OBJC_IMPLICIT_RETAIN_SELF = YES;
				CLANG_WARN_OBJC_LITERAL_CONVERSION = YES;
				CLANG_WARN_OBJC_ROOT_CLASS = YES_ERROR;
				CLANG_WARN_QUOTED_INCLUDE_IN_FRAMEWORK_HEADER = YES;
				CLANG_WARN_RANGE_LOOP_ANALYSIS = YES;
				CLANG_WARN_STRICT_PROTOTYPES = YES;
				CLANG_WARN_SUSPICIOUS_MOVE = YES;
				CLANG_WARN_UNGUARDED_AVAILABILITY = YES_AGGRESSIVE;
				CLANG_WARN_UNREACHABLE_CODE = YES;
				CLANG_WARN__DUPLICATE_METHOD_MATCH = YES;
				COPY_PHASE_STRIP = NO;
				DEBUG_INFORMATION_FORMAT = dwarf;
				ENABLE_STRICT_OBJC_MSGSEND = YES;
				ENABLE_TESTABILITY = YES;
				GCC_C_LANGUAGE_STANDARD = gnu11;
				GCC_DYNAMIC_NO_PIC = NO;
				GCC_NO_COMMON_BLOCKS = YES;
				GCC_OPTIMIZATION_LEVEL = 0;
				GCC_PREPROCESSOR_DEFINITIONS = (
					"DEBUG=1",
					"$(inherited)",
				);
				GCC_WARN_64_TO_32_BIT_CONVERSION = YES;
				GCC_WARN_ABOUT_RETURN_TYPE = YES_ERROR;
				GCC_WARN_UNDECLARED_SELECTOR = YES;
				GCC_WARN_UNINITIALIZED_AUTOS = YES_AGGRESSIVE;
				GCC_WARN_UNUSED_FUNCTION = YES;
				GCC_WARN_UNUSED_VARIABLE = YES;
				IPHONEOS_DEPLOYMENT_TARGET = 14.5;
				MTL_ENABLE_DEBUG_INFO = INCLUDE_SOURCE;
				MTL_FAST_MATH = YES;
				ONLY_ACTIVE_ARCH = YES;
				SDKROOT = iphoneos;
				SWIFT_ACTIVE_COMPILATION_CONDITIONS = DEBUG;
				SWIFT_OPTIMIZATION_LEVEL = "-Onone";
			};
			name = Debug;
		};
		D937707C28C2D69000AB0AAA /* Release */ = {
			isa = XCBuildConfiguration;
			buildSettings = {
				ALWAYS_SEARCH_USER_PATHS = NO;
				CLANG_ANALYZER_NONNULL = YES;
				CLANG_ANALYZER_NUMBER_OBJECT_CONVERSION = YES_AGGRESSIVE;
				CLANG_CXX_LANGUAGE_STANDARD = "gnu++14";
				CLANG_CXX_LIBRARY = "libc++";
				CLANG_ENABLE_MODULES = YES;
				CLANG_ENABLE_OBJC_ARC = YES;
				CLANG_ENABLE_OBJC_WEAK = YES;
				CLANG_WARN_BLOCK_CAPTURE_AUTORELEASING = YES;
				CLANG_WARN_BOOL_CONVERSION = YES;
				CLANG_WARN_COMMA = YES;
				CLANG_WARN_CONSTANT_CONVERSION = YES;
				CLANG_WARN_DEPRECATED_OBJC_IMPLEMENTATIONS = YES;
				CLANG_WARN_DIRECT_OBJC_ISA_USAGE = YES_ERROR;
				CLANG_WARN_DOCUMENTATION_COMMENTS = YES;
				CLANG_WARN_EMPTY_BODY = YES;
				CLANG_WARN_ENUM_CONVERSION = YES;
				CLANG_WARN_INFINITE_RECURSION = YES;
				CLANG_WARN_INT_CONVERSION = YES;
				CLANG_WARN_NON_LITERAL_NULL_CONVERSION = YES;
				CLANG_WARN_OBJC_IMPLICIT_RETAIN_SELF = YES;
				CLANG_WARN_OBJC_LITERAL_CONVERSION = YES;
				CLANG_WARN_OBJC_ROOT_CLASS = YES_ERROR;
				CLANG_WARN_QUOTED_INCLUDE_IN_FRAMEWORK_HEADER = YES;
				CLANG_WARN_RANGE_LOOP_ANALYSIS = YES;
				CLANG_WARN_STRICT_PROTOTYPES = YES;
				CLANG_WARN_SUSPICIOUS_MOVE = YES;
				CLANG_WARN_UNGUARDED_AVAILABILITY = YES_AGGRESSIVE;
				CLANG_WARN_UNREACHABLE_CODE = YES;
				CLANG_WARN__DUPLICATE_METHOD_MATCH = YES;
				COPY_PHASE_STRIP = NO;
				DEBUG_INFORMATION_FORMAT = "dwarf-with-dsym";
				ENABLE_NS_ASSERTIONS = NO;
				ENABLE_STRICT_OBJC_MSGSEND = YES;
				GCC_C_LANGUAGE_STANDARD = gnu11;
				GCC_NO_COMMON_BLOCKS = YES;
				GCC_WARN_64_TO_32_BIT_CONVERSION = YES;
				GCC_WARN_ABOUT_RETURN_TYPE = YES_ERROR;
				GCC_WARN_UNDECLARED_SELECTOR = YES;
				GCC_WARN_UNINITIALIZED_AUTOS = YES_AGGRESSIVE;
				GCC_WARN_UNUSED_FUNCTION = YES;
				GCC_WARN_UNUSED_VARIABLE = YES;
				IPHONEOS_DEPLOYMENT_TARGET = 14.5;
				MTL_ENABLE_DEBUG_INFO = NO;
				MTL_FAST_MATH = YES;
				SDKROOT = iphoneos;
				SWIFT_COMPILATION_MODE = wholemodule;
				SWIFT_OPTIMIZATION_LEVEL = "-O";
				VALIDATE_PRODUCT = YES;
			};
			name = Release;
		};
		D937707E28C2D69000AB0AAA /* Debug */ = {
			isa = XCBuildConfiguration;
			buildSettings = {
				ASSETCATALOG_COMPILER_APPICON_NAME = AppIcon;
				ASSETCATALOG_COMPILER_GLOBAL_ACCENT_COLOR_NAME = AccentColor;
				CODE_SIGN_STYLE = Automatic;
				DEVELOPMENT_TEAM = DT255HFVSG;
				INFOPLIST_FILE = "Project7_Whitehouse Petitions/Info.plist";
				LD_RUNPATH_SEARCH_PATHS = (
					"$(inherited)",
					"@executable_path/Frameworks",
				);
				PRODUCT_BUNDLE_IDENTIFIER = "com.mohamed.Project7-Whitehouse-Petitions";
				PRODUCT_NAME = "$(TARGET_NAME)";
				SWIFT_VERSION = 5.0;
				TARGETED_DEVICE_FAMILY = "1,2";
			};
			name = Debug;
		};
		D937707F28C2D69000AB0AAA /* Release */ = {
			isa = XCBuildConfiguration;
			buildSettings = {
				ASSETCATALOG_COMPILER_APPICON_NAME = AppIcon;
				ASSETCATALOG_COMPILER_GLOBAL_ACCENT_COLOR_NAME = AccentColor;
				CODE_SIGN_STYLE = Automatic;
				DEVELOPMENT_TEAM = DT255HFVSG;
				INFOPLIST_FILE = "Project7_Whitehouse Petitions/Info.plist";
				LD_RUNPATH_SEARCH_PATHS = (
					"$(inherited)",
					"@executable_path/Frameworks",
				);
				PRODUCT_BUNDLE_IDENTIFIER = "com.mohamed.Project7-Whitehouse-Petitions";
				PRODUCT_NAME = "$(TARGET_NAME)";
				SWIFT_VERSION = 5.0;
				TARGETED_DEVICE_FAMILY = "1,2";
			};
			name = Release;
		};
/* End XCBuildConfiguration section */

/* Begin XCConfigurationList section */
		D937706428C2D68F00AB0AAA /* Build configuration list for PBXProject "Project7_Whitehouse Petitions" */ = {
			isa = XCConfigurationList;
			buildConfigurations = (
				D937707B28C2D69000AB0AAA /* Debug */,
				D937707C28C2D69000AB0AAA /* Release */,
			);
			defaultConfigurationIsVisible = 0;
			defaultConfigurationName = Release;
		};
		D937707D28C2D69000AB0AAA /* Build configuration list for PBXNativeTarget "Project7_Whitehouse Petitions" */ = {
			isa = XCConfigurationList;
			buildConfigurations = (
				D937707E28C2D69000AB0AAA /* Debug */,
				D937707F28C2D69000AB0AAA /* Release */,
			);
			defaultConfigurationIsVisible = 0;
			defaultConfigurationName = Release;
		};
/* End XCConfigurationList section */
	};
	rootObject = D937706128C2D68F00AB0AAA /* Project object */;
}
